
# cargo-vet imports lock

[[publisher.bumpalo]]
version = "3.20.3"
when = "2026-05-22"
user-id = 696
user-login = "fitzgen"
user-name = "Nick Fitzgerald"

[[publisher.unicode-segmentation]]
version = "1.13.3"
when = "2026-06-01"
user-id = 1139
user-login = "Manishearth"
user-name = "Manish Goregaokar"

[[publisher.utf8_iter]]
version = "1.0.4"
when = "2023-12-01"
user-id = 4484
user-login = "hsivonen"
user-name = "Henri Sivonen"

[[publisher.wasip2]]
version = "1.0.4+wasi-0.2.12"
when = "2026-06-12"
user-id = 1
user-login = "alexcrichton"
user-name = "Alex Crichton"

[[publisher.wit-bindgen]]
version = "0.57.1"
when = "2026-04-17"
trusted-publisher = "github:bytecodealliance/wit-bindgen"

[[audits.bytecode-alliance.wildcard-audits.bumpalo]]
who = "Nick Fitzgerald <fitzgen@gmail.com>"
criteria = "safe-to-deploy"
user-id = 696 # Nick Fitzgerald (fitzgen)
start = "2019-03-16"
end = "2026-08-21"

[[audits.bytecode-alliance.wildcard-audits.wasip2]]
who = "Alex Crichton <alex@alexcrichton.com>"
criteria = "safe-to-deploy"
user-id = 1 # Alex Crichton (alexcrichton)
start = "2025-08-10"
end = "2026-08-21"
notes = """
This is a Bytecode Alliance authored crate.
"""

[[audits.bytecode-alliance.wildcard-audits.wit-bindgen]]
who = "Alex Crichton <alex@alexcrichton.com>"
criteria = "safe-to-deploy"
trusted-publisher = "github:bytecodealliance/wit-bindgen"
start = "2025-08-13"
end = "2027-01-08"
notes = "The Bytecode Alliance is the author of this crate"

[[audits.bytecode-alliance.audits.anes]]
who = "Pat Hickey <phickey@fastly.com>"
criteria = "safe-to-deploy"
version = "0.1.6"
notes = "Contains no unsafe code, no IO, no build.rs."

[[audits.bytecode-alliance.audits.atomic-waker]]
who = "Alex Crichton <alex@alexcrichton.com>"
criteria = "safe-to-deploy"
version = "1.1.2"
notes = "Contains `unsafe` code but it's well-documented and scoped to what it's intended to be doing. Otherwise a well-focused and straightforward crate."

[[audits.bytecode-alliance.audits.crossbeam-epoch]]
who = "Alex Crichton <alex@alexcrichton.com>"
criteria = "safe-to-deploy"
delta = "0.9.15 -> 0.9.18"
notes = "Nontrivial update but mostly around dependencies and how `unsafe` code is managed. Everything looks the same shape as before."

[[audits.bytecode-alliance.audits.idna]]
who = "Alex Crichton <alex@alexcrichton.com>"
criteria = "safe-to-deploy"
version = "0.3.0"
notes = """
This is a crate without unsafe code or usage of the standard library. The large
size of this crate comes from the large generated unicode tables file. This
crate is broadly used throughout the ecosystem and does not contain anything
suspicious.
"""

[[audits.bytecode-alliance.audits.num-traits]]
who = "Andrew Brown <andrew.brown@intel.com>"
criteria = "safe-to-deploy"
version = "0.2.19"
notes = "As advertised: a numeric library. The only `unsafe` is from some float-to-int conversions, which seems expected."

[[audits.bytecode-alliance.audits.percent-encoding]]
who = "Alex Crichton <alex@alexcrichton.com>"
criteria = "safe-to-deploy"
version = "2.2.0"
notes = """
This crate is a single-file crate that does what it says on the tin. There are
a few `unsafe` blocks related to utf-8 validation which are locally verifiable
as correct and otherwise this crate is good to go.
"""

[[audits.bytecode-alliance.audits.smallvec]]
who = "Alex Crichton <alex@alexcrichton.com>"
criteria = "safe-to-deploy"
delta = "1.13.2 -> 1.14.0"
notes = "Minor new feature, nothing out of the ordinary."

[[audits.bytecode-alliance.audits.tinyvec_macros]]
who = "Alex Crichton <alex@alexcrichton.com>"
criteria = "safe-to-deploy"
version = "0.1.0"
notes = """
This is a trivial crate which only contains a singular macro definition which is
intended to multiplex across the internal representation of a tinyvec,
presumably. This trivially doesn't contain anything bad.
"""

[[audits.bytecode-alliance.audits.unarray]]
who = "Alex Crichton <alex@alexcrichton.com>"
criteria = "safe-to-deploy"
version = "0.1.4"
notes = """
Crate is sound, albeit leaky, and not actively malicious. Probably not the best
crate to use in practice but it's suitable for testing dependencies.
"""

[[audits.embark-studios.audits.assert-json-diff]]
who = "Johan Andersson <opensource@embark-studios.com>"
criteria = "safe-to-run"
version = "2.0.2"
notes = "No unsafe usage or ambient capabilities"

[[audits.embark-studios.audits.cfg_aliases]]
who = "Johan Andersson <opensource@embark-studios.com>"
criteria = "safe-to-deploy"
version = "0.1.1"
notes = "No unsafe usage or ambient capabilities"

[[audits.embark-studios.audits.idna]]
who = "Johan Andersson <opensource@embark-studios.com>"
criteria = "safe-to-deploy"
delta = "0.3.0 -> 0.4.0"
notes = "No unsafe usage or ambient capabilities"

[[audits.embark-studios.audits.jni]]
who = "Robert Bragg <opensource@embark-studios.com>"
criteria = "safe-to-deploy"
version = "0.21.1"
notes = """
Aims to provide a safe JNI (Java Native Interface) API over the
unsafe `jni_sys` crate.

This is a very general FFI abstraction for Java VMs with a lot of unsafe code
throughout the API. There are almost certainly some edge cases with its design
that could lead to unsound behaviour but it should still be considerably safer
than working with JNI directly.

A lot of the unsafe usage relates to quite-simple use of `from_raw` APIs to
construct or cast wrapper types (around JNI pointers) which are fairly
straight-forward to verify/trust in context.

Some unsafe code has good `// # Safety` documentation (this has been enforced for
newer code) but a lot of unsafe code doesn't document invariants that are
being relied on.

The design depends on non-trivial named lifetimes across many APIs to associate
Java local references with JNI stack frames.

The crate is not very actively maintained and was practically unmaintained for
over a year before the 0.20 release.

Robert Bragg who now works at Embark Studios became the maintainer of this
crate in October 2022.

In the process of working on the `jni` crate since becoming maintainer it's
worth noting that I came across multiple APIs that I found needed to be
re-worked to address safety issues, including ensuring that APIs that are not
implemented safely are correctly declared as `unsafe`.

There has been a focus on improving safety in the last two release.

The jni crate has been used in production with the Signal messaging application
for over two years:
https://github.com/signalapp/libsignal/blob/main/rust/bridge/jni/Cargo.toml

# Some Notable Open Issues
- https://github.com/jni-rs/jni-rs/issues/422 - questions soundness of linking
  multiple versions of jni crate into an application, considering the use
  of (separately scoped) thread-local-storage to track thread attachments
- https://github.com/jni-rs/jni-rs/issues/405 - discusses the ease with which
  code may expose the JVM to invalid booleans with undefined behaviour
"""

[[audits.google.audits.base64]]
who = "amarjotgill <amarjotgill@google.com>"
criteria = "safe-to-deploy"
version = "0.22.1"
aggregated-from = "https://chromium.googlesource.com/chromium/src/+/main/third_party/rust/chromium_crates_io/supply-chain/audits.toml?format=TEXT"

[[audits.google.audits.bit-set]]
who = "George Burgess IV <gbiv@google.com>"
criteria = "safe-to-run"
version = "0.5.3"
aggregated-from = "https://chromium.googlesource.com/chromiumos/third_party/rust_crates/+/refs/heads/main/cargo-vet/audits.toml?format=TEXT"

[[audits.google.audits.bit-vec]]
who = "George Burgess IV <gbiv@google.com>"
criteria = "safe-to-run"
version = "0.6.3"
aggregated-from = "https://chromium.googlesource.com/chromiumos/third_party/rust_crates/+/refs/heads/main/cargo-vet/audits.toml?format=TEXT"

[[audits.google.audits.block-buffer]]
who = "George Burgess IV <gbiv@google.com>"
criteria = "safe-to-run"
version = "0.10.4"
aggregated-from = "https://chromium.googlesource.com/chromiumos/third_party/rust_crates/+/refs/heads/main/cargo-vet/audits.toml?format=TEXT"

[[audits.google.audits.cast]]
who = "George Burgess IV <gbiv@google.com>"
criteria = "safe-to-run"
version = "0.3.0"
aggregated-from = "https://chromium.googlesource.com/chromiumos/third_party/rust_crates/+/refs/heads/main/cargo-vet/audits.toml?format=TEXT"

[[audits.google.audits.ciborium]]
who = "Daniel Verkamp <dverkamp@chromium.org>"
criteria = "safe-to-run"
version = "0.2.2"
aggregated-from = "https://chromium.googlesource.com/chromiumos/third_party/rust_crates/+/refs/heads/main/cargo-vet/audits.toml?format=TEXT"

[[audits.google.audits.ciborium-io]]
who = "Daniel Verkamp <dverkamp@chromium.org>"
criteria = "safe-to-run"
version = "0.2.2"
aggregated-from = "https://chromium.googlesource.com/chromiumos/third_party/rust_crates/+/refs/heads/main/cargo-vet/audits.toml?format=TEXT"

[[audits.google.audits.ciborium-ll]]
who = "Daniel Verkamp <dverkamp@chromium.org>"
criteria = "safe-to-run"
version = "0.2.2"
aggregated-from = "https://chromium.googlesource.com/chromiumos/third_party/rust_crates/+/refs/heads/main/cargo-vet/audits.toml?format=TEXT"

[[audits.google.audits.core-foundation-sys]]
who = "Manish Goregaokar <manishearth@google.com>"
criteria = "safe-to-deploy"
version = "0.8.7"
notes = "OSX system APIs"
aggregated-from = "https://chromium.googlesource.com/chromium/src/+/main/third_party/rust/chromium_crates_io/supply-chain/audits.toml?format=TEXT"

[[audits.google.audits.crossbeam-epoch]]
who = "George Burgess IV <gbiv@google.com>"
criteria = "safe-to-run"
version = "0.9.14"
aggregated-from = "https://chromium.googlesource.com/chromiumos/third_party/rust_crates/+/refs/heads/main/cargo-vet/audits.toml?format=TEXT"

[[audits.google.audits.crossbeam-epoch]]
who = "George Burgess IV <gbiv@google.com>"
criteria = "safe-to-run"
delta = "0.9.14 -> 0.9.15"
aggregated-from = "https://chromium.googlesource.com/chromiumos/third_party/rust_crates/+/refs/heads/main/cargo-vet/audits.toml?format=TEXT"

[[audits.google.audits.either]]
who = "Manish Goregaokar <manishearth@google.com>"
criteria = "safe-to-deploy"
version = "1.13.0"
notes = "Unsafe code pertaining to wrapping Pin APIs. Mostly passes invariants down."
aggregated-from = "https://chromium.googlesource.com/chromium/src/+/main/third_party/rust/chromium_crates_io/supply-chain/audits.toml?format=TEXT"

[[audits.google.audits.either]]
who = "Daniel Cheng <dcheng@chromium.org>"
criteria = "safe-to-deploy"
delta = "1.13.0 -> 1.14.0"
notes = """
Inheriting ub-risk-1 from the baseline review of 1.13.0. While the delta has some diffs in unsafe code, they are either:
- migrating code to use helper macros
- migrating match patterns to take advantage of default bindings mode from RFC 2005
Either way, the result is code that does exactly the same thing and does not change the risk of UB.

See https://crrev.com/c/6323164 for more audit details.
"""
aggregated-from = "https://chromium.googlesource.com/chromium/src/+/main/third_party/rust/chromium_crates_io/supply-chain/audits.toml?format=TEXT"

[[audits.google.audits.either]]
who = "Lukasz Anforowicz <lukasza@chromium.org>"
criteria = "safe-to-deploy"
delta = "1.14.0 -> 1.15.0"
notes = 'The delta in `lib.rs` only tweaks doc comments and `#[cfg(feature = "std")]`.'
aggregated-from = "https://chromium.googlesource.com/chromium/src/+/main/third_party/rust/chromium_crates_io/supply-chain/audits.toml?format=TEXT"

[[audits.google.audits.equivalent]]
who = "George Burgess IV <gbiv@google.com>"
criteria = "safe-to-deploy"
version = "1.0.1"
aggregated-from = "https://chromium.googlesource.com/chromiumos/third_party/rust_crates/+/refs/heads/main/cargo-vet/audits.toml?format=TEXT"

[[audits.google.audits.equivalent]]
who = "Jonathan Hao <phao@chromium.org>"
criteria = "safe-to-deploy"
delta = "1.0.1 -> 1.0.2"
notes = "No changes to any .rs files or Rust code."
aggregated-from = "https://chromium.googlesource.com/chromium/src/+/main/third_party/rust/chromium_crates_io/supply-chain/audits.toml?format=TEXT"

[[audits.google.audits.generic-array]]
who = "George Burgess IV <gbiv@google.com>"
criteria = "safe-to-run"
version = "0.14.7"
aggregated-from = "https://chromium.googlesource.com/chromiumos/third_party/rust_crates/+/refs/heads/main/cargo-vet/audits.toml?format=TEXT"

[[audits.google.audits.httpdate]]
who = "George Burgess IV <gbiv@google.com>"
criteria = "safe-to-deploy"
version = "1.0.3"
aggregated-from = "https://chromium.googlesource.com/chromiumos/third_party/rust_crates/+/refs/heads/main/cargo-vet/audits.toml?format=TEXT"

[[audits.google.audits.lazy_static]]
who = "Android Legacy"
criteria = "safe-to-run"
version = "1.4.0"
aggregated-from = "https://chromium.googlesource.com/chromiumos/third_party/rust_crates/+/refs/heads/main/cargo-vet/audits.toml?format=TEXT"

[[audits.google.audits.lazy_static]]
who = "Lukasz Anforowicz <lukasza@chromium.org>"
criteria = "safe-to-deploy"
delta = "1.4.0 -> 1.5.0"
notes = "Unsafe review notes: https://crrev.com/c/5650836"
aggregated-from = "https://chromium.googlesource.com/chromium/src/+/main/third_party/rust/chromium_crates_io/supply-chain/audits.toml?format=TEXT"

[[audits.google.audits.quick-error]]
who = "George Burgess IV <gbiv@google.com>"
criteria = "safe-to-run"
version = "1.2.3"
aggregated-from = "https://chromium.googlesource.com/chromiumos/third_party/rust_crates/+/refs/heads/main/cargo-vet/audits.toml?format=TEXT"

[[audits.google.audits.regex-automata]]
who = "Justin Green <greenjustin@google.com>"
criteria = "safe-to-run"
version = "0.4.9"
aggregated-from = "https://chromium.googlesource.com/chromiumos/third_party/rust_crates/+/refs/heads/main/cargo-vet/audits.toml?format=TEXT"

[[audits.google.audits.smallvec]]
who = "Manish Goregaokar <manishearth@google.com>"
criteria = "safe-to-deploy"
version = "1.13.2"
aggregated-from = "https://chromium.googlesource.com/chromium/src/+/main/third_party/rust/chromium_crates_io/supply-chain/audits.toml?format=TEXT"

[[audits.google.audits.tinytemplate]]
who = "Ying Hsu <yinghsu@chromium.org>"
criteria = "safe-to-run"
version = "1.2.1"
aggregated-from = "https://chromium.googlesource.com/chromiumos/third_party/rust_crates/+/refs/heads/main/cargo-vet/audits.toml?format=TEXT"

[[audits.google.audits.winapi]]
who = "danakj@chromium.org"
criteria = "safe-to-run"
version = "0.3.9"
notes = """
Reviewed in https://crrev.com/c/5171063

Previously reviewed during security review and the audit is grandparented in.
"""
aggregated-from = "https://chromium.googlesource.com/chromium/src/+/main/third_party/rust/chromium_crates_io/supply-chain/audits.toml?format=TEXT"

[[audits.mozilla.wildcard-audits.unicode-segmentation]]
who = "Manish Goregaokar <manishsmail@gmail.com>"
criteria = "safe-to-deploy"
user-id = 1139 # Manish Goregaokar (Manishearth)
start = "2019-05-15"
end = "2027-04-23"
notes = "All code written or reviewed by Manish"

[[audits.mozilla.wildcard-audits.utf8_iter]]
who = "Makoto Kato <m_kato@ga2.so-net.ne.jp>"
criteria = "safe-to-deploy"
user-id = 4484 # Henri Sivonen (hsivonen)
start = "2022-04-19"
end = "2024-06-16"
notes = "Maintained by Henri Sivonen who works at Mozilla."

[[audits.mozilla.audits.bit-set]]
who = "Teodor Tanasoaia <ttanasoaia@mozilla.com>"
criteria = "safe-to-deploy"
delta = "0.5.3 -> 0.6.0"

[[audits.mozilla.audits.bit-set]]
who = "Jim Blandy <jimb@red-bean.com>"
criteria = "safe-to-deploy"
delta = "0.6.0 -> 0.8.0"

[[audits.mozilla.audits.bit-vec]]
who = "Teodor Tanasoaia <ttanasoaia@mozilla.com>"
criteria = "safe-to-deploy"
delta = "0.6.3 -> 0.7.0"

[[audits.mozilla.audits.bit-vec]]
who = "Jim Blandy <jimb@red-bean.com>"
criteria = "safe-to-deploy"
delta = "0.7.0 -> 0.8.0"

[[audits.mozilla.audits.cfg_aliases]]
who = "Alex Franchuk <afranchuk@mozilla.com>"
criteria = "safe-to-deploy"
delta = "0.1.1 -> 0.2.1"
notes = "Very minor changes."

[[audits.mozilla.audits.either]]
who = "Erich Gubler <erichdongubler@gmail.com>"
criteria = "safe-to-deploy"
delta = "1.15.0 -> 1.16.0"

[[audits.mozilla.audits.fnv]]
who = "Bobby Holley <bobbyholley@gmail.com>"
criteria = "safe-to-deploy"
version = "1.0.7"
notes = "Simple hasher implementation with no unsafe code."

[[audits.mozilla.audits.form_urlencoded]]
who = "Valentin Gosu <valentin.gosu@gmail.com>"
criteria = "safe-to-deploy"
version = "1.2.0"

[[audits.mozilla.audits.form_urlencoded]]
who = "Valentin Gosu <valentin.gosu@gmail.com>"
criteria = "safe-to-deploy"
delta = "1.2.0 -> 1.2.1"

[[audits.mozilla.audits.form_urlencoded]]
who = "edgul <ed.guloien@gmail.com>"
criteria = "safe-to-deploy"
delta = "1.2.1 -> 1.2.2"

[[audits.mozilla.audits.idna]]
who = "Valentin Gosu <valentin.gosu@gmail.com>"
criteria = "safe-to-deploy"
delta = "0.4.0 -> 0.5.0"

[[audits.mozilla.audits.idna]]
who = "Henri Sivonen <hsivonen@hsivonen.fi>"
criteria = "safe-to-deploy"
delta = "0.5.0 -> 1.0.2"
notes = "In the 0.5.0 to 1.0.2 delta, I, Henri Sivonen, rewrote the non-Punycode internals of the crate and made the changes to the Punycode code."

[[audits.mozilla.audits.idna]]
who = "Valentin Gosu <valentin.gosu@gmail.com>"
criteria = "safe-to-deploy"
delta = "1.0.2 -> 1.0.3"

[[audits.mozilla.audits.idna]]
who = "edgul <ed.guloien@gmail.com>"
criteria = "safe-to-deploy"
delta = "1.0.3 -> 1.1.0"

[[audits.mozilla.audits.percent-encoding]]
who = "Valentin Gosu <valentin.gosu@gmail.com>"
criteria = "safe-to-deploy"
delta = "2.2.0 -> 2.3.0"

[[audits.mozilla.audits.percent-encoding]]
who = "Valentin Gosu <valentin.gosu@gmail.com>"
criteria = "safe-to-deploy"
delta = "2.3.0 -> 2.3.1"

[[audits.mozilla.audits.percent-encoding]]
who = "edgul <ed.guloien@gmail.com>"
criteria = "safe-to-deploy"
delta = "2.3.1 -> 2.3.2"

[[audits.mozilla.audits.regex-automata]]
who = "Benjamin VanderSloot <bvandersloot@mozilla.com>"
criteria = "safe-to-deploy"
delta = "0.4.9 -> 0.4.14"

[[audits.mozilla.audits.smallvec]]
who = "Erich Gubler <erichdongubler@gmail.com>"
criteria = "safe-to-deploy"
delta = "1.14.0 -> 1.15.1"

[[audits.mozilla.audits.smallvec]]
who = "Mike Hommey <mh+mozilla@glandium.org>"
criteria = "safe-to-deploy"
delta = "1.15.1 -> 1.15.2"

[[audits.mozilla.audits.tinyvec_macros]]
who = "Drew Willcoxon <adw@mozilla.com>"
criteria = "safe-to-deploy"
delta = "0.1.0 -> 0.1.1"
